
Microsoft Visual Studio Solution File, Format Version 11.00
# Visual Studio 2010
Project("{FAE04EC0-301F-11D3-BF4B-00C04F79EFBC}") = "HardDriveSerial", "HardDriveSerial\HardDriveSerial.csproj", "{6164D9F2-7EE9-4320-AE88-F7AF27EEE631}"
EndProject
Global
	GlobalSection(SolutionConfigurationPlatforms) = preSolution
		Debug|x86 = Debug|x86
		Release|x86 = Release|x86
	EndGlobalSection
	GlobalSection(ProjectConfigurationPlatforms) = postSolution
		{6164D9F2-7EE9-4320-AE88-F7AF27EEE631}.Debug|x86.ActiveCfg = Debug|x86
		{6164D9F2-7EE9-4320-AE88-F7AF27EEE631}.Debug|x86.Build.0 = Debug|x86
		{6164D9F2-7EE9-4320-AE88-F7AF27EEE631}.Release|x86.ActiveCfg = Release|x86
		{6164D9F2-7EE9-4320-AE88-F7AF27EEE631}.Release|x86.Build.0 = Release|x86
	EndGlobalSection
	GlobalSection(SolutionProperties) = preSolution
		HideSolutionNode = FALSE
	EndGlobalSection
EndGlobal
